
Microsoft Visual Studio Solution File, Format Version 12.00
# Visual Studio Version 17
VisualStudioVersion = 17.14.36127.28
MinimumVisualStudioVersion = 10.0.40219.1
Project("{FAE04EC0-301F-11D3-BF4B-00C04F79EFBC}") = "FootballGo", "FootballGo.csproj", "{FA1B0E02-BBB9-47CD-BFA1-25282BE99F7A}"
EndProject
Project("{FAE04EC0-301F-11D3-BF4B-00C04F79EFBC}") = "FootballGo.UI", "..\FootballGo.UI\FootballGo.UI.csproj", "{9C1CEA2A-02EC-4F22-8EC3-D2D691CE9066}"
EndProject
Global
	GlobalSection(SolutionConfigurationPlatforms) = preSolution
		Debug|Any CPU = Debug|Any CPU
		Release|Any CPU = Release|Any CPU
	EndGlobalSection
	GlobalSection(ProjectConfigurationPlatforms) = postSolution
		{FA1B0E02-BBB9-47CD-BFA1-25282BE99F7A}.Debug|Any CPU.ActiveCfg = Debug|Any CPU
		{FA1B0E02-BBB9-47CD-BFA1-25282BE99F7A}.Debug|Any CPU.Build.0 = Debug|Any CPU
		{FA1B0E02-BBB9-47CD-BFA1-25282BE99F7A}.Release|Any CPU.ActiveCfg = Release|Any CPU
		{FA1B0E02-BBB9-47CD-BFA1-25282BE99F7A}.Release|Any CPU.Build.0 = Release|Any CPU
		{9C1CEA2A-02EC-4F22-8EC3-D2D691CE9066}.Debug|Any CPU.ActiveCfg = Debug|Any CPU
		{9C1CEA2A-02EC-4F22-8EC3-D2D691CE9066}.Debug|Any CPU.Build.0 = Debug|Any CPU
		{9C1CEA2A-02EC-4F22-8EC3-D2D691CE9066}.Release|Any CPU.ActiveCfg = Release|Any CPU
		{9C1CEA2A-02EC-4F22-8EC3-D2D691CE9066}.Release|Any CPU.Build.0 = Release|Any CPU
	EndGlobalSection
	GlobalSection(SolutionProperties) = preSolution
		HideSolutionNode = FALSE
	EndGlobalSection
	GlobalSection(ExtensibilityGlobals) = postSolution
		SolutionGuid = {1AC2E3F6-7190-468B-8181-868704172DF1}
	EndGlobalSection
EndGlobal
